// !$*UTF8*$!
{
	archiveVersion = 1;
	classes = {
	};
	objectVersion = 50;
	objects = {

/* Begin PBXBuildFile section */
		B3222CCD219D6EC000C8FB9D /* SVHToolBar.h in Headers */ = {isa = PBXBuildFile; fileRef = B3222CCB219D6EBF00C8FB9D /* SVHToolBar.h */; settings = {ATTRIBUTES = (Public, ); }; };
		B3222CCE219D6EC000C8FB9D /* SVHToolBar.m in Sources */ = {isa = PBXBuildFile; fileRef = B3222CCC219D6EBF00C8FB9D /* SVHToolBar.m */; };
		B3222CD2219D6F6700C8FB9D /* SVHViewFactory.h in Headers */ = {isa = PBXBuildFile; fileRef = B3222CD0219D6F6700C8FB9D /* SVHViewFactory.h */; settings = {ATTRIBUTES = (Public, ); }; };
		B3222CD3219D6F6700C8FB9D /* SVHViewFactory.m in Sources */ = {isa = PBXBuildFile; fileRef = B3222CD1219D6F6700C8FB9D /* SVHViewFactory.m */; };
		B347F4FB217045C00093EF81 /* SVHCore.h in Headers */ = {isa = PBXBuildFile; fileRef = B347F4F9217045C00093EF81 /* SVHCore.h */; settings = {ATTRIBUTES = (Public, ); }; };
		B347F50B217046140093EF81 /* SVHBaseNavigationController.h in Headers */ = {isa = PBXBuildFile; fileRef = B347F503217046140093EF81 /* SVHBaseNavigationController.h */; settings = {ATTRIBUTES = (Public, ); }; };
		B347F50C217046140093EF81 /* SVHBaseNavigationController.m in Sources */ = {isa = PBXBuildFile; fileRef = B347F504217046140093EF81 /* SVHBaseNavigationController.m */; };
		B347F50D217046150093EF81 /* SVHBaseTableViewController.h in Headers */ = {isa = PBXBuildFile; fileRef = B347F505217046140093EF81 /* SVHBaseTableViewController.h */; settings = {ATTRIBUTES = (Public, ); }; };
		B347F50E217046150093EF81 /* SVHBaseTableViewController.m in Sources */ = {isa = PBXBuildFile; fileRef = B347F506217046140093EF81 /* SVHBaseTableViewController.m */; };
		B347F50F217046150093EF81 /* SVHBaseViewController.h in Headers */ = {isa = PBXBuildFile; fileRef = B347F507217046140093EF81 /* SVHBaseViewController.h */; settings = {ATTRIBUTES = (Public, ); }; };
		B347F510217046150093EF81 /* SVHBaseViewController.m in Sources */ = {isa = PBXBuildFile; fileRef = B347F508217046140093EF81 /* SVHBaseViewController.m */; };
		B347F511217046150093EF81 /* SVHBaseWebController.h in Headers */ = {isa = PBXBuildFile; fileRef = B347F509217046140093EF81 /* SVHBaseWebController.h */; settings = {ATTRIBUTES = (Public, ); }; };
		B347F512217046150093EF81 /* SVHBaseWebController.m in Sources */ = {isa = PBXBuildFile; fileRef = B347F50A217046140093EF81 /* SVHBaseWebController.m */; };
		B347F57E217046750093EF81 /* SVHBaseButton.h in Headers */ = {isa = PBXBuildFile; fileRef = B347F55C217046750093EF81 /* SVHBaseButton.h */; settings = {ATTRIBUTES = (Public, ); }; };
		B347F57F217046750093EF81 /* SVHBaseButton.m in Sources */ = {isa = PBXBuildFile; fileRef = B347F55D217046750093EF81 /* SVHBaseButton.m */; };
		B347F580217046750093EF81 /* SVHBaseCell.h in Headers */ = {isa = PBXBuildFile; fileRef = B347F55E217046750093EF81 /* SVHBaseCell.h */; settings = {ATTRIBUTES = (Public, ); }; };
		B347F581217046750093EF81 /* SVHBaseCell.m in Sources */ = {isa = PBXBuildFile; fileRef = B347F55F217046750093EF81 /* SVHBaseCell.m */; };
		B347F582217046750093EF81 /* SVHBaseCommonViewHeader.h in Headers */ = {isa = PBXBuildFile; fileRef = B347F560217046750093EF81 /* SVHBaseCommonViewHeader.h */; settings = {ATTRIBUTES = (Public, ); }; };
		B347F583217046750093EF81 /* SVHBaseImageView.h in Headers */ = {isa = PBXBuildFile; fileRef = B347F561217046750093EF81 /* SVHBaseImageView.h */; settings = {ATTRIBUTES = (Public, ); }; };
		B347F584217046750093EF81 /* SVHBaseImageView.m in Sources */ = {isa = PBXBuildFile; fileRef = B347F562217046750093EF81 /* SVHBaseImageView.m */; };
		B347F585217046750093EF81 /* SVHBaseLabel.h in Headers */ = {isa = PBXBuildFile; fileRef = B347F563217046750093EF81 /* SVHBaseLabel.h */; settings = {ATTRIBUTES = (Public, ); }; };
		B347F586217046750093EF81 /* SVHBaseLabel.m in Sources */ = {isa = PBXBuildFile; fileRef = B347F564217046750093EF81 /* SVHBaseLabel.m */; };
		B347F587217046750093EF81 /* SVHBaseTextField.h in Headers */ = {isa = PBXBuildFile; fileRef = B347F565217046750093EF81 /* SVHBaseTextField.h */; settings = {ATTRIBUTES = (Public, ); }; };
		B347F588217046750093EF81 /* SVHBaseTextField.m in Sources */ = {isa = PBXBuildFile; fileRef = B347F566217046750093EF81 /* SVHBaseTextField.m */; };
		B347F589217046750093EF81 /* SVHBaseView.h in Headers */ = {isa = PBXBuildFile; fileRef = B347F567217046750093EF81 /* SVHBaseView.h */; settings = {ATTRIBUTES = (Public, ); }; };
		B347F58A217046750093EF81 /* SVHBaseView.m in Sources */ = {isa = PBXBuildFile; fileRef = B347F568217046750093EF81 /* SVHBaseView.m */; };
		B347F58B217046750093EF81 /* UIView+SVHBorderProperty.h in Headers */ = {isa = PBXBuildFile; fileRef = B347F569217046750093EF81 /* UIView+SVHBorderProperty.h */; settings = {ATTRIBUTES = (Public, ); }; };
		B347F58C217046750093EF81 /* UIView+SVHBorderProperty.m in Sources */ = {isa = PBXBuildFile; fileRef = B347F56A217046750093EF81 /* UIView+SVHBorderProperty.m */; };
		B347F58D217046750093EF81 /* SVHBaseTableView.h in Headers */ = {isa = PBXBuildFile; fileRef = B347F56C217046750093EF81 /* SVHBaseTableView.h */; settings = {ATTRIBUTES = (Public, ); }; };
		B347F58E217046750093EF81 /* SVHBaseTableView.m in Sources */ = {isa = PBXBuildFile; fileRef = B347F56D217046750093EF81 /* SVHBaseTableView.m */; };
		B347F58F217046750093EF81 /* SVHRefreshTableView.h in Headers */ = {isa = PBXBuildFile; fileRef = B347F56E217046750093EF81 /* SVHRefreshTableView.h */; settings = {ATTRIBUTES = (Public, ); }; };
		B347F590217046750093EF81 /* SVHRefreshTableView.m in Sources */ = {isa = PBXBuildFile; fileRef = B347F56F217046750093EF81 /* SVHRefreshTableView.m */; };
		B347F591217046750093EF81 /* SRDefine.h in Headers */ = {isa = PBXBuildFile; fileRef = B347F571217046750093EF81 /* SRDefine.h */; settings = {ATTRIBUTES = (Public, ); }; };
		B347F592217046750093EF81 /* SRRefreshView.h in Headers */ = {isa = PBXBuildFile; fileRef = B347F572217046750093EF81 /* SRRefreshView.h */; settings = {ATTRIBUTES = (Public, ); }; };
		B347F593217046750093EF81 /* SRRefreshView.m in Sources */ = {isa = PBXBuildFile; fileRef = B347F573217046750093EF81 /* SRRefreshView.m */; };
		B347F594217046750093EF81 /* SRSimeViewImage.xcassets in Resources */ = {isa = PBXBuildFile; fileRef = B347F574217046750093EF81 /* SRSimeViewImage.xcassets */; };
		B347F595217046750093EF81 /* SRSlimeView.h in Headers */ = {isa = PBXBuildFile; fileRef = B347F575217046750093EF81 /* SRSlimeView.h */; settings = {ATTRIBUTES = (Public, ); }; };
		B347F596217046750093EF81 /* SRSlimeView.m in Sources */ = {isa = PBXBuildFile; fileRef = B347F576217046750093EF81 /* SRSlimeView.m */; };
		B347F597217046750093EF81 /* SVHBaseMacros.h in Headers */ = {isa = PBXBuildFile; fileRef = B347F577217046750093EF81 /* SVHBaseMacros.h */; settings = {ATTRIBUTES = (Public, ); }; };
		B347F598217046750093EF81 /* SVHBaseHeader.h in Headers */ = {isa = PBXBuildFile; fileRef = B347F578217046750093EF81 /* SVHBaseHeader.h */; settings = {ATTRIBUTES = (Public, ); }; };
		B347F599217046750093EF81 /* SVHBaseCellItem.h in Headers */ = {isa = PBXBuildFile; fileRef = B347F57A217046750093EF81 /* SVHBaseCellItem.h */; settings = {ATTRIBUTES = (Public, ); }; };
		B347F59A217046750093EF81 /* SVHBaseCellItem.m in Sources */ = {isa = PBXBuildFile; fileRef = B347F57B217046750093EF81 /* SVHBaseCellItem.m */; };
		B347F59B217046750093EF81 /* SVHBaseItem.h in Headers */ = {isa = PBXBuildFile; fileRef = B347F57C217046750093EF81 /* SVHBaseItem.h */; settings = {ATTRIBUTES = (Public, ); }; };
		B347F59C217046750093EF81 /* SVHBaseItem.m in Sources */ = {isa = PBXBuildFile; fileRef = B347F57D217046750093EF81 /* SVHBaseItem.m */; };
		B347F5B5217072530093EF81 /* GJTBackButtonImage.xcassets in Resources */ = {isa = PBXBuildFile; fileRef = B347F5A0217072530093EF81 /* GJTBackButtonImage.xcassets */; };
		B347F5B6217072530093EF81 /* UIViewController+BackButtonItem.h in Headers */ = {isa = PBXBuildFile; fileRef = B347F5A1217072530093EF81 /* UIViewController+BackButtonItem.h */; settings = {ATTRIBUTES = (Public, ); }; };
		B347F5B7217072530093EF81 /* UIViewController+BackButtonItem.m in Sources */ = {isa = PBXBuildFile; fileRef = B347F5A2217072530093EF81 /* UIViewController+BackButtonItem.m */; };
		B347F5B8217072530093EF81 /* NSString+SVHEncode.h in Headers */ = {isa = PBXBuildFile; fileRef = B347F5A5217072530093EF81 /* NSString+SVHEncode.h */; settings = {ATTRIBUTES = (Public, ); }; };
		B347F5B9217072530093EF81 /* NSString+SVHEncode.m in Sources */ = {isa = PBXBuildFile; fileRef = B347F5A6217072530093EF81 /* NSString+SVHEncode.m */; };
		B347F5BE217072530093EF81 /* SVHUIViewAdditions.h in Headers */ = {isa = PBXBuildFile; fileRef = B347F5AD217072530093EF81 /* SVHUIViewAdditions.h */; settings = {ATTRIBUTES = (Public, ); }; };
		B347F5BF217072530093EF81 /* SVHUIViewAdditions.m in Sources */ = {isa = PBXBuildFile; fileRef = B347F5AE217072530093EF81 /* SVHUIViewAdditions.m */; };
		B347F5C0217072530093EF81 /* UIImage+BackgroundColor.h in Headers */ = {isa = PBXBuildFile; fileRef = B347F5AF217072530093EF81 /* UIImage+BackgroundColor.h */; settings = {ATTRIBUTES = (Public, ); }; };
		B347F5C1217072530093EF81 /* UIImage+BackgroundColor.m in Sources */ = {isa = PBXBuildFile; fileRef = B347F5B0217072530093EF81 /* UIImage+BackgroundColor.m */; };
		B347F5C2217072530093EF81 /* UIScrollView+SVHEnableEdgeGesture.h in Headers */ = {isa = PBXBuildFile; fileRef = B347F5B1217072530093EF81 /* UIScrollView+SVHEnableEdgeGesture.h */; settings = {ATTRIBUTES = (Public, ); }; };
		B347F5C3217072530093EF81 /* UIScrollView+SVHEnableEdgeGesture.m in Sources */ = {isa = PBXBuildFile; fileRef = B347F5B2217072530093EF81 /* UIScrollView+SVHEnableEdgeGesture.m */; };
		B347F5C4217072530093EF81 /* UIView+backView.h in Headers */ = {isa = PBXBuildFile; fileRef = B347F5B3217072530093EF81 /* UIView+backView.h */; settings = {ATTRIBUTES = (Public, ); }; };
		B347F5C5217072530093EF81 /* UIView+backView.m in Sources */ = {isa = PBXBuildFile; fileRef = B347F5B4217072530093EF81 /* UIView+backView.m */; };
		B360271921A3DDF700A93FC1 /* SVHLoadingGapView.h in Headers */ = {isa = PBXBuildFile; fileRef = B360271421A3DDF700A93FC1 /* SVHLoadingGapView.h */; settings = {ATTRIBUTES = (Public, ); }; };
		B360271A21A3DDF700A93FC1 /* UIView+SVHLoadingGap.m in Sources */ = {isa = PBXBuildFile; fileRef = B360271521A3DDF700A93FC1 /* UIView+SVHLoadingGap.m */; };
		B360271B21A3DDF700A93FC1 /* SVHLoadingGapView.m in Sources */ = {isa = PBXBuildFile; fileRef = B360271621A3DDF700A93FC1 /* SVHLoadingGapView.m */; };
		B360271C21A3DDF700A93FC1 /* UIView+SVHLoadingGap.h in Headers */ = {isa = PBXBuildFile; fileRef = B360271721A3DDF700A93FC1 /* UIView+SVHLoadingGap.h */; settings = {ATTRIBUTES = (Public, ); }; };
		B360272121A3DE1B00A93FC1 /* SVHCustomKeyboard.m in Sources */ = {isa = PBXBuildFile; fileRef = B360271E21A3DE1A00A93FC1 /* SVHCustomKeyboard.m */; };
		B360272321A3DE1B00A93FC1 /* SVHCustomKeyboard.h in Headers */ = {isa = PBXBuildFile; fileRef = B360272021A3DE1A00A93FC1 /* SVHCustomKeyboard.h */; settings = {ATTRIBUTES = (Public, ); }; };
		B360272921A3DE5100A93FC1 /* SVHSearchBar.h in Headers */ = {isa = PBXBuildFile; fileRef = B360272621A3DE5100A93FC1 /* SVHSearchBar.h */; settings = {ATTRIBUTES = (Public, ); }; };
		B360272A21A3DE5100A93FC1 /* SVHSearchBar.m in Sources */ = {isa = PBXBuildFile; fileRef = B360272721A3DE5100A93FC1 /* SVHSearchBar.m */; };
		B360272E21A3DE8600A93FC1 /* SVHSafeObject.h in Headers */ = {isa = PBXBuildFile; fileRef = B360272C21A3DE8600A93FC1 /* SVHSafeObject.h */; settings = {ATTRIBUTES = (Public, ); }; };
		B364CA5F219A61C50084FE23 /* SVHBaseTabBar.m in Sources */ = {isa = PBXBuildFile; fileRef = B364CA59219A61C50084FE23 /* SVHBaseTabBar.m */; };
		B364CA60219A61C50084FE23 /* SVHTabBar.h in Headers */ = {isa = PBXBuildFile; fileRef = B364CA5A219A61C50084FE23 /* SVHTabBar.h */; settings = {ATTRIBUTES = (Public, ); }; };
		B364CA61219A61C50084FE23 /* SVHTabBar.m in Sources */ = {isa = PBXBuildFile; fileRef = B364CA5B219A61C50084FE23 /* SVHTabBar.m */; };
		B364CA62219A61C50084FE23 /* SVHTabBarButton.h in Headers */ = {isa = PBXBuildFile; fileRef = B364CA5C219A61C50084FE23 /* SVHTabBarButton.h */; settings = {ATTRIBUTES = (Public, ); }; };
		B364CA63219A61C50084FE23 /* SVHTabBarButton.m in Sources */ = {isa = PBXBuildFile; fileRef = B364CA5D219A61C50084FE23 /* SVHTabBarButton.m */; };
		B364CA64219A61C50084FE23 /* SVHBaseTabBar.h in Headers */ = {isa = PBXBuildFile; fileRef = B364CA5E219A61C50084FE23 /* SVHBaseTabBar.h */; settings = {ATTRIBUTES = (Public, ); }; };
		B364CA6C219A63360084FE23 /* SVHCustomBadgeView.m in Sources */ = {isa = PBXBuildFile; fileRef = B364CA68219A63360084FE23 /* SVHCustomBadgeView.m */; };
		B364CA6D219A63360084FE23 /* UIView+CustomBadge.h in Headers */ = {isa = PBXBuildFile; fileRef = B364CA69219A63360084FE23 /* UIView+CustomBadge.h */; settings = {ATTRIBUTES = (Public, ); }; };
		B364CA6E219A63360084FE23 /* SVHCustomBadgeView.h in Headers */ = {isa = PBXBuildFile; fileRef = B364CA6A219A63360084FE23 /* SVHCustomBadgeView.h */; settings = {ATTRIBUTES = (Public, ); }; };
		B364CA6F219A63360084FE23 /* UIView+CustomBadge.m in Sources */ = {isa = PBXBuildFile; fileRef = B364CA6B219A63360084FE23 /* UIView+CustomBadge.m */; };
		B382D48C2171903300A99AA9 /* SVHCore.bundle in Resources */ = {isa = PBXBuildFile; fileRef = B382D48B2171903300A99AA9 /* SVHCore.bundle */; };
		B382D49F2171A35500A99AA9 /* SVHCommonTool.h in Headers */ = {isa = PBXBuildFile; fileRef = B382D49D2171A35500A99AA9 /* SVHCommonTool.h */; settings = {ATTRIBUTES = (Public, ); }; };
		B382D4A02171A35500A99AA9 /* SVHCommonTool.m in Sources */ = {isa = PBXBuildFile; fileRef = B382D49E2171A35500A99AA9 /* SVHCommonTool.m */; };
		B3D9FA1E21A63F40009DEA53 /* SVHSafeObject.m in Sources */ = {isa = PBXBuildFile; fileRef = B3D9FA1D21A63F3F009DEA53 /* SVHSafeObject.m */; };
/* End PBXBuildFile section */

/* Begin PBXFileReference section */
		B3222CCB219D6EBF00C8FB9D /* SVHToolBar.h */ = {isa = PBXFileReference; fileEncoding = 4; lastKnownFileType = sourcecode.c.h; path = SVHToolBar.h; sourceTree = "<group>"; };
		B3222CCC219D6EBF00C8FB9D /* SVHToolBar.m */ = {isa = PBXFileReference; fileEncoding = 4; lastKnownFileType = sourcecode.c.objc; path = SVHToolBar.m; sourceTree = "<group>"; };
		B3222CD0219D6F6700C8FB9D /* SVHViewFactory.h */ = {isa = PBXFileReference; fileEncoding = 4; lastKnownFileType = sourcecode.c.h; path = SVHViewFactory.h; sourceTree = "<group>"; };
		B3222CD1219D6F6700C8FB9D /* SVHViewFactory.m */ = {isa = PBXFileReference; fileEncoding = 4; lastKnownFileType = sourcecode.c.objc; path = SVHViewFactory.m; sourceTree = "<group>"; };
		B347F4F6217045C00093EF81 /* SVHCore.framework */ = {isa = PBXFileReference; explicitFileType = wrapper.framework; includeInIndex = 0; path = SVHCore.framework; sourceTree = BUILT_PRODUCTS_DIR; };
		B347F4F9217045C00093EF81 /* SVHCore.h */ = {isa = PBXFileReference; lastKnownFileType = sourcecode.c.h; path = SVHCore.h; sourceTree = "<group>"; };
		B347F4FA217045C00093EF81 /* Info.plist */ = {isa = PBXFileReference; lastKnownFileType = text.plist.xml; path = Info.plist; sourceTree = "<group>"; };
		B347F503217046140093EF81 /* SVHBaseNavigationController.h */ = {isa = PBXFileReference; fileEncoding = 4; lastKnownFileType = sourcecode.c.h; path = SVHBaseNavigationController.h; sourceTree = "<group>"; };
		B347F504217046140093EF81 /* SVHBaseNavigationController.m */ = {isa = PBXFileReference; fileEncoding = 4; lastKnownFileType = sourcecode.c.objc; path = SVHBaseNavigationController.m; sourceTree = "<group>"; };
		B347F505217046140093EF81 /* SVHBaseTableViewController.h */ = {isa = PBXFileReference; fileEncoding = 4; lastKnownFileType = sourcecode.c.h; path = SVHBaseTableViewController.h; sourceTree = "<group>"; };
		B347F506217046140093EF81 /* SVHBaseTableViewController.m */ = {isa = PBXFileReference; fileEncoding = 4; lastKnownFileType = sourcecode.c.objc; path = SVHBaseTableViewController.m; sourceTree = "<group>"; };
		B347F507217046140093EF81 /* SVHBaseViewController.h */ = {isa = PBXFileReference; fileEncoding = 4; lastKnownFileType = sourcecode.c.h; path = SVHBaseViewController.h; sourceTree = "<group>"; };
		B347F508217046140093EF81 /* SVHBaseViewController.m */ = {isa = PBXFileReference; fileEncoding = 4; lastKnownFileType = sourcecode.c.objc; path = SVHBaseViewController.m; sourceTree = "<group>"; };
		B347F509217046140093EF81 /* SVHBaseWebController.h */ = {isa = PBXFileReference; fileEncoding = 4; lastKnownFileType = sourcecode.c.h; path = SVHBaseWebController.h; sourceTree = "<group>"; };
		B347F50A217046140093EF81 /* SVHBaseWebController.m */ = {isa = PBXFileReference; fileEncoding = 4; lastKnownFileType = sourcecode.c.objc; path = SVHBaseWebController.m; sourceTree = "<group>"; };
		B347F55C217046750093EF81 /* SVHBaseButton.h */ = {isa = PBXFileReference; fileEncoding = 4; lastKnownFileType = sourcecode.c.h; path = SVHBaseButton.h; sourceTree = "<group>"; };
		B347F55D217046750093EF81 /* SVHBaseButton.m */ = {isa = PBXFileReference; fileEncoding = 4; lastKnownFileType = sourcecode.c.objc; path = SVHBaseButton.m; sourceTree = "<group>"; };
		B347F55E217046750093EF81 /* SVHBaseCell.h */ = {isa = PBXFileReference; fileEncoding = 4; lastKnownFileType = sourcecode.c.h; path = SVHBaseCell.h; sourceTree = "<group>"; };
		B347F55F217046750093EF81 /* SVHBaseCell.m */ = {isa = PBXFileReference; fileEncoding = 4; lastKnownFileType = sourcecode.c.objc; path = SVHBaseCell.m; sourceTree = "<group>"; };
		B347F560217046750093EF81 /* SVHBaseCommonViewHeader.h */ = {isa = PBXFileReference; fileEncoding = 4; lastKnownFileType = sourcecode.c.h; path = SVHBaseCommonViewHeader.h; sourceTree = "<group>"; };
		B347F561217046750093EF81 /* SVHBaseImageView.h */ = {isa = PBXFileReference; fileEncoding = 4; lastKnownFileType = sourcecode.c.h; path = SVHBaseImageView.h; sourceTree = "<group>"; };
		B347F562217046750093EF81 /* SVHBaseImageView.m */ = {isa = PBXFileReference; fileEncoding = 4; lastKnownFileType = sourcecode.c.objc; path = SVHBaseImageView.m; sourceTree = "<group>"; };
		B347F563217046750093EF81 /* SVHBaseLabel.h */ = {isa = PBXFileReference; fileEncoding = 4; lastKnownFileType = sourcecode.c.h; path = SVHBaseLabel.h; sourceTree = "<group>"; };
		B347F564217046750093EF81 /* SVHBaseLabel.m */ = {isa = PBXFileReference; fileEncoding = 4; lastKnownFileType = sourcecode.c.objc; path = SVHBaseLabel.m; sourceTree = "<group>"; };
		B347F565217046750093EF81 /* SVHBaseTextField.h */ = {isa = PBXFileReference; fileEncoding = 4; lastKnownFileType = sourcecode.c.h; path = SVHBaseTextField.h; sourceTree = "<group>"; };
		B347F566217046750093EF81 /* SVHBaseTextField.m */ = {isa = PBXFileReference; fileEncoding = 4; lastKnownFileType = sourcecode.c.objc; path = SVHBaseTextField.m; sourceTree = "<group>"; };
		B347F567217046750093EF81 /* SVHBaseView.h */ = {isa = PBXFileReference; fileEncoding = 4; lastKnownFileType = sourcecode.c.h; path = SVHBaseView.h; sourceTree = "<group>"; };
		B347F568217046750093EF81 /* SVHBaseView.m */ = {isa = PBXFileReference; fileEncoding = 4; lastKnownFileType = sourcecode.c.objc; path = SVHBaseView.m; sourceTree = "<group>"; };
		B347F569217046750093EF81 /* UIView+SVHBorderProperty.h */ = {isa = PBXFileReference; fileEncoding = 4; lastKnownFileType = sourcecode.c.h; path = "UIView+SVHBorderProperty.h"; sourceTree = "<group>"; };
		B347F56A217046750093EF81 /* UIView+SVHBorderProperty.m */ = {isa = PBXFileReference; fileEncoding = 4; lastKnownFileType = sourcecode.c.objc; path = "UIView+SVHBorderProperty.m"; sourceTree = "<group>"; };
		B347F56C217046750093EF81 /* SVHBaseTableView.h */ = {isa = PBXFileReference; fileEncoding = 4; lastKnownFileType = sourcecode.c.h; path = SVHBaseTableView.h; sourceTree = "<group>"; };
		B347F56D217046750093EF81 /* SVHBaseTableView.m */ = {isa = PBXFileReference; fileEncoding = 4; lastKnownFileType = sourcecode.c.objc; path = SVHBaseTableView.m; sourceTree = "<group>"; };
		B347F56E217046750093EF81 /* SVHRefreshTableView.h */ = {isa = PBXFileReference; fileEncoding = 4; lastKnownFileType = sourcecode.c.h; path = SVHRefreshTableView.h; sourceTree = "<group>"; };
		B347F56F217046750093EF81 /* SVHRefreshTableView.m */ = {isa = PBXFileReference; fileEncoding = 4; lastKnownFileType = sourcecode.c.objc; path = SVHRefreshTableView.m; sourceTree = "<group>"; };
		B347F571217046750093EF81 /* SRDefine.h */ = {isa = PBXFileReference; fileEncoding = 4; lastKnownFileType = sourcecode.c.h; path = SRDefine.h; sourceTree = "<group>"; };
		B347F572217046750093EF81 /* SRRefreshView.h */ = {isa = PBXFileReference; fileEncoding = 4; lastKnownFileType = sourcecode.c.h; path = SRRefreshView.h; sourceTree = "<group>"; };
		B347F573217046750093EF81 /* SRRefreshView.m */ = {isa = PBXFileReference; fileEncoding = 4; lastKnownFileType = sourcecode.c.objc; path = SRRefreshView.m; sourceTree = "<group>"; };
		B347F574217046750093EF81 /* SRSimeViewImage.xcassets */ = {isa = PBXFileReference; lastKnownFileType = folder.assetcatalog; path = SRSimeViewImage.xcassets; sourceTree = "<group>"; };
		B347F575217046750093EF81 /* SRSlimeView.h */ = {isa = PBXFileReference; fileEncoding = 4; lastKnownFileType = sourcecode.c.h; path = SRSlimeView.h; sourceTree = "<group>"; };
		B347F576217046750093EF81 /* SRSlimeView.m */ = {isa = PBXFileReference; fileEncoding = 4; lastKnownFileType = sourcecode.c.objc; path = SRSlimeView.m; sourceTree = "<group>"; };
		B347F577217046750093EF81 /* SVHBaseMacros.h */ = {isa = PBXFileReference; fileEncoding = 4; lastKnownFileType = sourcecode.c.h; path = SVHBaseMacros.h; sourceTree = "<group>"; };
		B347F578217046750093EF81 /* SVHBaseHeader.h */ = {isa = PBXFileReference; fileEncoding = 4; lastKnownFileType = sourcecode.c.h; path = SVHBaseHeader.h; sourceTree = "<group>"; };
		B347F57A217046750093EF81 /* SVHBaseCellItem.h */ = {isa = PBXFileReference; fileEncoding = 4; lastKnownFileType = sourcecode.c.h; path = SVHBaseCellItem.h; sourceTree = "<group>"; };
		B347F57B217046750093EF81 /* SVHBaseCellItem.m */ = {isa = PBXFileReference; fileEncoding = 4; lastKnownFileType = sourcecode.c.objc; path = SVHBaseCellItem.m; sourceTree = "<group>"; };
		B347F57C217046750093EF81 /* SVHBaseItem.h */ = {isa = PBXFileReference; fileEncoding = 4; lastKnownFileType = sourcecode.c.h; path = SVHBaseItem.h; sourceTree = "<group>"; };
		B347F57D217046750093EF81 /* SVHBaseItem.m */ = {isa = PBXFileReference; fileEncoding = 4; lastKnownFileType = sourcecode.c.objc; path = SVHBaseItem.m; sourceTree = "<group>"; };
		B347F5A0217072530093EF81 /* GJTBackButtonImage.xcassets */ = {isa = PBXFileReference; lastKnownFileType = folder.assetcatalog; path = GJTBackButtonImage.xcassets; sourceTree = "<group>"; };
		B347F5A1217072530093EF81 /* UIViewController+BackButtonItem.h */ = {isa = PBXFileReference; fileEncoding = 4; lastKnownFileType = sourcecode.c.h; path = "UIViewController+BackButtonItem.h"; sourceTree = "<group>"; };
		B347F5A2217072530093EF81 /* UIViewController+BackButtonItem.m */ = {isa = PBXFileReference; fileEncoding = 4; lastKnownFileType = sourcecode.c.objc; path = "UIViewController+BackButtonItem.m"; sourceTree = "<group>"; };
		B347F5A5217072530093EF81 /* NSString+SVHEncode.h */ = {isa = PBXFileReference; fileEncoding = 4; lastKnownFileType = sourcecode.c.h; path = "NSString+SVHEncode.h"; sourceTree = "<group>"; };
		B347F5A6217072530093EF81 /* NSString+SVHEncode.m */ = {isa = PBXFileReference; fileEncoding = 4; lastKnownFileType = sourcecode.c.objc; path = "NSString+SVHEncode.m"; sourceTree = "<group>"; };
		B347F5AD217072530093EF81 /* SVHUIViewAdditions.h */ = {isa = PBXFileReference; fileEncoding = 4; lastKnownFileType = sourcecode.c.h; path = SVHUIViewAdditions.h; sourceTree = "<group>"; };
		B347F5AE217072530093EF81 /* SVHUIViewAdditions.m */ = {isa = PBXFileReference; fileEncoding = 4; lastKnownFileType = sourcecode.c.objc; path = SVHUIViewAdditions.m; sourceTree = "<group>"; };
		B347F5AF217072530093EF81 /* UIImage+BackgroundColor.h */ = {isa = PBXFileReference; fileEncoding = 4; lastKnownFileType = sourcecode.c.h; path = "UIImage+BackgroundColor.h"; sourceTree = "<group>"; };
		B347F5B0217072530093EF81 /* UIImage+BackgroundColor.m */ = {isa = PBXFileReference; fileEncoding = 4; lastKnownFileType = sourcecode.c.objc; path = "UIImage+BackgroundColor.m"; sourceTree = "<group>"; };
		B347F5B1217072530093EF81 /* UIScrollView+SVHEnableEdgeGesture.h */ = {isa = PBXFileReference; fileEncoding = 4; lastKnownFileType = sourcecode.c.h; path = "UIScrollView+SVHEnableEdgeGesture.h"; sourceTree = "<group>"; };
		B347F5B2217072530093EF81 /* UIScrollView+SVHEnableEdgeGesture.m */ = {isa = PBXFileReference; fileEncoding = 4; lastKnownFileType = sourcecode.c.objc; path = "UIScrollView+SVHEnableEdgeGesture.m"; sourceTree = "<group>"; };
		B347F5B3217072530093EF81 /* UIView+backView.h */ = {isa = PBXFileReference; fileEncoding = 4; lastKnownFileType = sourcecode.c.h; path = "UIView+backView.h"; sourceTree = "<group>"; };
		B347F5B4217072530093EF81 /* UIView+backView.m */ = {isa = PBXFileReference; fileEncoding = 4; lastKnownFileType = sourcecode.c.objc; path = "UIView+backView.m"; sourceTree = "<group>"; };
		B360271421A3DDF700A93FC1 /* SVHLoadingGapView.h */ = {isa = PBXFileReference; fileEncoding = 4; lastKnownFileType = sourcecode.c.h; path = SVHLoadingGapView.h; sourceTree = "<group>"; };
		B360271521A3DDF700A93FC1 /* UIView+SVHLoadingGap.m */ = {isa = PBXFileReference; fileEncoding = 4; lastKnownFileType = sourcecode.c.objc; path = "UIView+SVHLoadingGap.m"; sourceTree = "<group>"; };
		B360271621A3DDF700A93FC1 /* SVHLoadingGapView.m */ = {isa = PBXFileReference; fileEncoding = 4; lastKnownFileType = sourcecode.c.objc; path = SVHLoadingGapView.m; sourceTree = "<group>"; };
		B360271721A3DDF700A93FC1 /* UIView+SVHLoadingGap.h */ = {isa = PBXFileReference; fileEncoding = 4; lastKnownFileType = sourcecode.c.h; path = "UIView+SVHLoadingGap.h"; sourceTree = "<group>"; };
		B360271E21A3DE1A00A93FC1 /* SVHCustomKeyboard.m */ = {isa = PBXFileReference; fileEncoding = 4; lastKnownFileType = sourcecode.c.objc; path = SVHCustomKeyboard.m; sourceTree = "<group>"; };
		B360272021A3DE1A00A93FC1 /* SVHCustomKeyboard.h */ = {isa = PBXFileReference; fileEncoding = 4; lastKnownFileType = sourcecode.c.h; path = SVHCustomKeyboard.h; sourceTree = "<group>"; };
		B360272621A3DE5100A93FC1 /* SVHSearchBar.h */ = {isa = PBXFileReference; fileEncoding = 4; lastKnownFileType = sourcecode.c.h; path = SVHSearchBar.h; sourceTree = "<group>"; };
		B360272721A3DE5100A93FC1 /* SVHSearchBar.m */ = {isa = PBXFileReference; fileEncoding = 4; lastKnownFileType = sourcecode.c.objc; path = SVHSearchBar.m; sourceTree = "<group>"; };
		B360272C21A3DE8600A93FC1 /* SVHSafeObject.h */ = {isa = PBXFileReference; fileEncoding = 4; lastKnownFileType = sourcecode.c.h; path = SVHSafeObject.h; sourceTree = "<group>"; };
		B364CA59219A61C50084FE23 /* SVHBaseTabBar.m */ = {isa = PBXFileReference; fileEncoding = 4; lastKnownFileType = sourcecode.c.objc; path = SVHBaseTabBar.m; sourceTree = "<group>"; };
		B364CA5A219A61C50084FE23 /* SVHTabBar.h */ = {isa = PBXFileReference; fileEncoding = 4; lastKnownFileType = sourcecode.c.h; path = SVHTabBar.h; sourceTree = "<group>"; };
		B364CA5B219A61C50084FE23 /* SVHTabBar.m */ = {isa = PBXFileReference; fileEncoding = 4; lastKnownFileType = sourcecode.c.objc; path = SVHTabBar.m; sourceTree = "<group>"; };
		B364CA5C219A61C50084FE23 /* SVHTabBarButton.h */ = {isa = PBXFileReference; fileEncoding = 4; lastKnownFileType = sourcecode.c.h; path = SVHTabBarButton.h; sourceTree = "<group>"; };
		B364CA5D219A61C50084FE23 /* SVHTabBarButton.m */ = {isa = PBXFileReference; fileEncoding = 4; lastKnownFileType = sourcecode.c.objc; path = SVHTabBarButton.m; sourceTree = "<group>"; };
		B364CA5E219A61C50084FE23 /* SVHBaseTabBar.h */ = {isa = PBXFileReference; fileEncoding = 4; lastKnownFileType = sourcecode.c.h; path = SVHBaseTabBar.h; sourceTree = "<group>"; };
		B364CA68219A63360084FE23 /* SVHCustomBadgeView.m */ = {isa = PBXFileReference; fileEncoding = 4; lastKnownFileType = sourcecode.c.objc; path = SVHCustomBadgeView.m; sourceTree = "<group>"; };
		B364CA69219A63360084FE23 /* UIView+CustomBadge.h */ = {isa = PBXFileReference; fileEncoding = 4; lastKnownFileType = sourcecode.c.h; path = "UIView+CustomBadge.h"; sourceTree = "<group>"; };
		B364CA6A219A63360084FE23 /* SVHCustomBadgeView.h */ = {isa = PBXFileReference; fileEncoding = 4; lastKnownFileType = sourcecode.c.h; path = SVHCustomBadgeView.h; sourceTree = "<group>"; };
		B364CA6B219A63360084FE23 /* UIView+CustomBadge.m */ = {isa = PBXFileReference; fileEncoding = 4; lastKnownFileType = sourcecode.c.objc; path = "UIView+CustomBadge.m"; sourceTree = "<group>"; };
		B382D48B2171903300A99AA9 /* SVHCore.bundle */ = {isa = PBXFileReference; lastKnownFileType = "wrapper.plug-in"; path = SVHCore.bundle; sourceTree = "<group>"; };
		B382D49D2171A35500A99AA9 /* SVHCommonTool.h */ = {isa = PBXFileReference; fileEncoding = 4; lastKnownFileType = sourcecode.c.h; path = SVHCommonTool.h; sourceTree = "<group>"; };
		B382D49E2171A35500A99AA9 /* SVHCommonTool.m */ = {isa = PBXFileReference; fileEncoding = 4; lastKnownFileType = sourcecode.c.objc; path = SVHCommonTool.m; sourceTree = "<group>"; };
		B3D9FA1D21A63F3F009DEA53 /* SVHSafeObject.m */ = {isa = PBXFileReference; fileEncoding = 4; lastKnownFileType = sourcecode.c.objc; path = SVHSafeObject.m; sourceTree = "<group>"; };
/* End PBXFileReference section */

/* Begin PBXFrameworksBuildPhase section */
		B347F4F2217045C00093EF81 /* Frameworks */ = {
			isa = PBXFrameworksBuildPhase;
			buildActionMask = 2147483647;
			files = (
			);
			runOnlyForDeploymentPostprocessing = 0;
		};
/* End PBXFrameworksBuildPhase section */

/* Begin PBXGroup section */
		B3222CCF219D6F5D00C8FB9D /* Tools */ = {
			isa = PBXGroup;
			children = (
				B360272B21A3DE8600A93FC1 /* SafeObject */,
				B382D49D2171A35500A99AA9 /* SVHCommonTool.h */,
				B382D49E2171A35500A99AA9 /* SVHCommonTool.m */,
				B3222CD0219D6F6700C8FB9D /* SVHViewFactory.h */,
				B3222CD1219D6F6700C8FB9D /* SVHViewFactory.m */,
			);
			path = Tools;
			sourceTree = "<group>";
		};
		B347F4EC217045C00093EF81 = {
			isa = PBXGroup;
			children = (
				B347F4F8217045C00093EF81 /* SVHCore */,
				B347F4F7217045C00093EF81 /* Products */,
			);
			sourceTree = "<group>";
		};
		B347F4F7217045C00093EF81 /* Products */ = {
			isa = PBXGroup;
			children = (
				B347F4F6217045C00093EF81 /* SVHCore.framework */,
			);
			name = Products;
			sourceTree = "<group>";
		};
		B347F4F8217045C00093EF81 /* SVHCore */ = {
			isa = PBXGroup;
			children = (
				B3222CCF219D6F5D00C8FB9D /* Tools */,
				B364CA65219A62A80084FE23 /* View */,
				B382D48B2171903300A99AA9 /* SVHCore.bundle */,
				B347F59D217072530093EF81 /* Categorys */,
				B347F579217046750093EF81 /* BaseItem */,
				B347F578217046750093EF81 /* SVHBaseHeader.h */,
				B347F577217046750093EF81 /* SVHBaseMacros.h */,
				B347F502217046140093EF81 /* BaseController */,
				B347F4F9217045C00093EF81 /* SVHCore.h */,
				B347F4FA217045C00093EF81 /* Info.plist */,
			);
			path = SVHCore;
			sourceTree = "<group>";
		};
		B347F502217046140093EF81 /* BaseController */ = {
			isa = PBXGroup;
			children = (
				B347F503217046140093EF81 /* SVHBaseNavigationController.h */,
				B347F504217046140093EF81 /* SVHBaseNavigationController.m */,
				B347F505217046140093EF81 /* SVHBaseTableViewController.h */,
				B347F506217046140093EF81 /* SVHBaseTableViewController.m */,
				B347F507217046140093EF81 /* SVHBaseViewController.h */,
				B347F508217046140093EF81 /* SVHBaseViewController.m */,
				B347F509217046140093EF81 /* SVHBaseWebController.h */,
				B347F50A217046140093EF81 /* SVHBaseWebController.m */,
			);
			path = BaseController;
			sourceTree = "<group>";
		};
		B347F55A217046750093EF81 /* BaseView */ = {
			isa = PBXGroup;
			children = (
				B347F55B217046750093EF81 /* BaseCommonView */,
				B347F56B217046750093EF81 /* BaseTableView */,
			);
			path = BaseView;
			sourceTree = "<group>";
		};
		B347F55B217046750093EF81 /* BaseCommonView */ = {
			isa = PBXGroup;
			children = (
				B347F55C217046750093EF81 /* SVHBaseButton.h */,
				B347F55D217046750093EF81 /* SVHBaseButton.m */,
				B347F55E217046750093EF81 /* SVHBaseCell.h */,
				B347F55F217046750093EF81 /* SVHBaseCell.m */,
				B347F560217046750093EF81 /* SVHBaseCommonViewHeader.h */,
				B347F561217046750093EF81 /* SVHBaseImageView.h */,
				B347F562217046750093EF81 /* SVHBaseImageView.m */,
				B347F563217046750093EF81 /* SVHBaseLabel.h */,
				B347F564217046750093EF81 /* SVHBaseLabel.m */,
				B347F565217046750093EF81 /* SVHBaseTextField.h */,
				B347F566217046750093EF81 /* SVHBaseTextField.m */,
				B347F567217046750093EF81 /* SVHBaseView.h */,
				B347F568217046750093EF81 /* SVHBaseView.m */,
				B347F569217046750093EF81 /* UIView+SVHBorderProperty.h */,
				B347F56A217046750093EF81 /* UIView+SVHBorderProperty.m */,
			);
			path = BaseCommonView;
			sourceTree = "<group>";
		};
		B347F56B217046750093EF81 /* BaseTableView */ = {
			isa = PBXGroup;
			children = (
				B347F56C217046750093EF81 /* SVHBaseTableView.h */,
				B347F56D217046750093EF81 /* SVHBaseTableView.m */,
				B347F56E217046750093EF81 /* SVHRefreshTableView.h */,
				B347F56F217046750093EF81 /* SVHRefreshTableView.m */,
				B347F570217046750093EF81 /* SlimeRefresh */,
			);
			path = BaseTableView;
			sourceTree = "<group>";
		};
		B347F570217046750093EF81 /* SlimeRefresh */ = {
			isa = PBXGroup;
			children = (
				B347F571217046750093EF81 /* SRDefine.h */,
				B347F572217046750093EF81 /* SRRefreshView.h */,
				B347F573217046750093EF81 /* SRRefreshView.m */,
				B347F574217046750093EF81 /* SRSimeViewImage.xcassets */,
				B347F575217046750093EF81 /* SRSlimeView.h */,
				B347F576217046750093EF81 /* SRSlimeView.m */,
			);
			path = SlimeRefresh;
			sourceTree = "<group>";
		};
		B347F579217046750093EF81 /* BaseItem */ = {
			isa = PBXGroup;
			children = (
				B347F57A217046750093EF81 /* SVHBaseCellItem.h */,
				B347F57B217046750093EF81 /* SVHBaseCellItem.m */,
				B347F57C217046750093EF81 /* SVHBaseItem.h */,
				B347F57D217046750093EF81 /* SVHBaseItem.m */,
			);
			path = BaseItem;
			sourceTree = "<group>";
		};
		B347F59D217072530093EF81 /* Categorys */ = {
			isa = PBXGroup;
			children = (
				B347F59E217072530093EF81 /* Controller */,
				B347F5A4217072530093EF81 /* NSString */,
				B347F5A7217072530093EF81 /* View */,
			);
			path = Categorys;
			sourceTree = "<group>";
		};
		B347F59E217072530093EF81 /* Controller */ = {
			isa = PBXGroup;
			children = (
				B347F59F217072530093EF81 /* BackButton */,
			);
			path = Controller;
			sourceTree = "<group>";
		};
		B347F59F217072530093EF81 /* BackButton */ = {
			isa = PBXGroup;
			children = (
				B347F5A0217072530093EF81 /* GJTBackButtonImage.xcassets */,
				B347F5A1217072530093EF81 /* UIViewController+BackButtonItem.h */,
				B347F5A2217072530093EF81 /* UIViewController+BackButtonItem.m */,
			);
			path = BackButton;
			sourceTree = "<group>";
		};
		B347F5A4217072530093EF81 /* NSString */ = {
			isa = PBXGroup;
			children = (
				B347F5A5217072530093EF81 /* NSString+SVHEncode.h */,
				B347F5A6217072530093EF81 /* NSString+SVHEncode.m */,
			);
			path = NSString;
			sourceTree = "<group>";
		};
		B347F5A7217072530093EF81 /* View */ = {
			isa = PBXGroup;
			children = (
				B347F5AD217072530093EF81 /* SVHUIViewAdditions.h */,
				B347F5AE217072530093EF81 /* SVHUIViewAdditions.m */,
				B347F5AF217072530093EF81 /* UIImage+BackgroundColor.h */,
				B347F5B0217072530093EF81 /* UIImage+BackgroundColor.m */,
				B347F5B1217072530093EF81 /* UIScrollView+SVHEnableEdgeGesture.h */,
				B347F5B2217072530093EF81 /* UIScrollView+SVHEnableEdgeGesture.m */,
				B347F5B3217072530093EF81 /* UIView+backView.h */,
				B347F5B4217072530093EF81 /* UIView+backView.m */,
			);
			path = View;
			sourceTree = "<group>";
		};
		B360271221A3DDF700A93FC1 /* GapView */ = {
			isa = PBXGroup;
			children = (
				B360271421A3DDF700A93FC1 /* SVHLoadingGapView.h */,
				B360271521A3DDF700A93FC1 /* UIView+SVHLoadingGap.m */,
				B360271621A3DDF700A93FC1 /* SVHLoadingGapView.m */,
				B360271721A3DDF700A93FC1 /* UIView+SVHLoadingGap.h */,
			);
			path = GapView;
			sourceTree = "<group>";
		};
		B360271D21A3DE1A00A93FC1 /* Keyboard */ = {
			isa = PBXGroup;
			children = (
				B360271E21A3DE1A00A93FC1 /* SVHCustomKeyboard.m */,
				B360272021A3DE1A00A93FC1 /* SVHCustomKeyboard.h */,
			);
			path = Keyboard;
			sourceTree = "<group>";
		};
		B360272421A3DE5100A93FC1 /* SearchBar */ = {
			isa = PBXGroup;
			children = (
				B360272621A3DE5100A93FC1 /* SVHSearchBar.h */,
				B360272721A3DE5100A93FC1 /* SVHSearchBar.m */,
			);
			path = SearchBar;
			sourceTree = "<group>";
		};
		B360272B21A3DE8600A93FC1 /* SafeObject */ = {
			isa = PBXGroup;
			children = (
				B3D9FA1D21A63F3F009DEA53 /* SVHSafeObject.m */,
				B360272C21A3DE8600A93FC1 /* SVHSafeObject.h */,
			);
			path = SafeObject;
			sourceTree = "<group>";
		};
		B364CA58219A61B70084FE23 /* Tabbar */ = {
			isa = PBXGroup;
			children = (
				B364CA5E219A61C50084FE23 /* SVHBaseTabBar.h */,
				B364CA59219A61C50084FE23 /* SVHBaseTabBar.m */,
				B364CA5A219A61C50084FE23 /* SVHTabBar.h */,
				B364CA5B219A61C50084FE23 /* SVHTabBar.m */,
				B364CA5C219A61C50084FE23 /* SVHTabBarButton.h */,
				B364CA5D219A61C50084FE23 /* SVHTabBarButton.m */,
			);
			path = Tabbar;
			sourceTree = "<group>";
		};
		B364CA65219A62A80084FE23 /* View */ = {
			isa = PBXGroup;
			children = (
				B360272421A3DE5100A93FC1 /* SearchBar */,
				B360271D21A3DE1A00A93FC1 /* Keyboard */,
				B360271221A3DDF700A93FC1 /* GapView */,
				B364CA58219A61B70084FE23 /* Tabbar */,
				B364CA66219A62C90084FE23 /* CustomView */,
				B347F55A217046750093EF81 /* BaseView */,
			);
			path = View;
			sourceTree = "<group>";
		};
		B364CA66219A62C90084FE23 /* CustomView */ = {
			isa = PBXGroup;
			children = (
				B3222CCB219D6EBF00C8FB9D /* SVHToolBar.h */,
				B3222CCC219D6EBF00C8FB9D /* SVHToolBar.m */,
				B364CA67219A63360084FE23 /* BadgeValue */,
			);
			path = CustomView;
			sourceTree = "<group>";
		};
		B364CA67219A63360084FE23 /* BadgeValue */ = {
			isa = PBXGroup;
			children = (
				B364CA68219A63360084FE23 /* SVHCustomBadgeView.m */,
				B364CA69219A63360084FE23 /* UIView+CustomBadge.h */,
				B364CA6A219A63360084FE23 /* SVHCustomBadgeView.h */,
				B364CA6B219A63360084FE23 /* UIView+CustomBadge.m */,
			);
			path = BadgeValue;
			sourceTree = "<group>";
		};
/* End PBXGroup section */

/* Begin PBXHeadersBuildPhase section */
		B347F4F3217045C00093EF81 /* Headers */ = {
			isa = PBXHeadersBuildPhase;
			buildActionMask = 2147483647;
			files = (
				B347F598217046750093EF81 /* SVHBaseHeader.h in Headers */,
				B347F599217046750093EF81 /* SVHBaseCellItem.h in Headers */,
				B347F50F217046150093EF81 /* SVHBaseViewController.h in Headers */,
				B347F587217046750093EF81 /* SVHBaseTextField.h in Headers */,
				B347F580217046750093EF81 /* SVHBaseCell.h in Headers */,
				B347F59B217046750093EF81 /* SVHBaseItem.h in Headers */,
				B347F58B217046750093EF81 /* UIView+SVHBorderProperty.h in Headers */,
				B347F58F217046750093EF81 /* SVHRefreshTableView.h in Headers */,
				B347F58D217046750093EF81 /* SVHBaseTableView.h in Headers */,
				B347F511217046150093EF81 /* SVHBaseWebController.h in Headers */,
				B347F585217046750093EF81 /* SVHBaseLabel.h in Headers */,
				B347F582217046750093EF81 /* SVHBaseCommonViewHeader.h in Headers */,
				B347F50D217046150093EF81 /* SVHBaseTableViewController.h in Headers */,
				B347F583217046750093EF81 /* SVHBaseImageView.h in Headers */,
				B347F5BE217072530093EF81 /* SVHUIViewAdditions.h in Headers */,
				B347F5B6217072530093EF81 /* UIViewController+BackButtonItem.h in Headers */,
				B347F5C0217072530093EF81 /* UIImage+BackgroundColor.h in Headers */,
				B347F5B8217072530093EF81 /* NSString+SVHEncode.h in Headers */,
				B347F5C4217072530093EF81 /* UIView+backView.h in Headers */,
				B347F50B217046140093EF81 /* SVHBaseNavigationController.h in Headers */,
				B347F589217046750093EF81 /* SVHBaseView.h in Headers */,
				B347F57E217046750093EF81 /* SVHBaseButton.h in Headers */,
				B347F591217046750093EF81 /* SRDefine.h in Headers */,
				B347F592217046750093EF81 /* SRRefreshView.h in Headers */,
				B347F595217046750093EF81 /* SRSlimeView.h in Headers */,
				B347F597217046750093EF81 /* SVHBaseMacros.h in Headers */,
				B364CA60219A61C50084FE23 /* SVHTabBar.h in Headers */,
				B364CA64219A61C50084FE23 /* SVHBaseTabBar.h in Headers */,
				B364CA62219A61C50084FE23 /* SVHTabBarButton.h in Headers */,
				B347F5C2217072530093EF81 /* UIScrollView+SVHEnableEdgeGesture.h in Headers */,
				B364CA6D219A63360084FE23 /* UIView+CustomBadge.h in Headers */,
				B360272921A3DE5100A93FC1 /* SVHSearchBar.h in Headers */,
				B360272321A3DE1B00A93FC1 /* SVHCustomKeyboard.h in Headers */,
				B360271C21A3DDF700A93FC1 /* UIView+SVHLoadingGap.h in Headers */,
				B360271921A3DDF700A93FC1 /* SVHLoadingGapView.h in Headers */,
				B360272E21A3DE8600A93FC1 /* SVHSafeObject.h in Headers */,
				B364CA6E219A63360084FE23 /* SVHCustomBadgeView.h in Headers */,
				B382D49F2171A35500A99AA9 /* SVHCommonTool.h in Headers */,
				B3222CD2219D6F6700C8FB9D /* SVHViewFactory.h in Headers */,
				B3222CCD219D6EC000C8FB9D /* SVHToolBar.h in Headers */,
				B347F4FB217045C00093EF81 /* SVHCore.h in Headers */,
			);
			runOnlyForDeploymentPostprocessing = 0;
		};
/* End PBXHeadersBuildPhase section */

/* Begin PBXNativeTarget section */
		B347F4F5217045C00093EF81 /* SVHCore */ = {
			isa = PBXNativeTarget;
			buildConfigurationList = B347F4FE217045C00093EF81 /* Build configuration list for PBXNativeTarget "SVHCore" */;
			buildPhases = (
				B347F4F1217045C00093EF81 /* Sources */,
				B347F4F2217045C00093EF81 /* Frameworks */,
				B347F4F3217045C00093EF81 /* Headers */,
				B347F4F4217045C00093EF81 /* Resources */,
				B347F5CB217075E00093EF81 /* Run Script */,
			);
			buildRules = (
			);
			dependencies = (
			);
			name = SVHCore;
			productName = SHVCore;
			productReference = B347F4F6217045C00093EF81 /* SVHCore.framework */;
			productType = "com.apple.product-type.framework";
		};
/* End PBXNativeTarget section */

/* Begin PBXProject section */
		B347F4ED217045C00093EF81 /* Project object */ = {
			isa = PBXProject;
			attributes = {
				LastUpgradeCheck = 0940;
				ORGANIZATIONNAME = "huang shervin";
				TargetAttributes = {
					B347F4F5217045C00093EF81 = {
						CreatedOnToolsVersion = 9.4.1;
					};
				};
			};
			buildConfigurationList = B347F4F0217045C00093EF81 /* Build configuration list for PBXProject "SVHCore" */;
			compatibilityVersion = "Xcode 9.3";
			developmentRegion = en;
			hasScannedForEncodings = 0;
			knownRegions = (
				en,
			);
			mainGroup = B347F4EC217045C00093EF81;
			productRefGroup = B347F4F7217045C00093EF81 /* Products */;
			projectDirPath = "";
			projectRoot = "";
			targets = (
				B347F4F5217045C00093EF81 /* SVHCore */,
			);
		};
/* End PBXProject section */

/* Begin PBXResourcesBuildPhase section */
		B347F4F4217045C00093EF81 /* Resources */ = {
			isa = PBXResourcesBuildPhase;
			buildActionMask = 2147483647;
			files = (
				B347F5B5217072530093EF81 /* GJTBackButtonImage.xcassets in Resources */,
				B382D48C2171903300A99AA9 /* SVHCore.bundle in Resources */,
				B347F594217046750093EF81 /* SRSimeViewImage.xcassets in Resources */,
			);
			runOnlyForDeploymentPostprocessing = 0;
		};
/* End PBXResourcesBuildPhase section */

/* Begin PBXShellScriptBuildPhase section */
		B347F5CB217075E00093EF81 /* Run Script */ = {
			isa = PBXShellScriptBuildPhase;
			buildActionMask = 12;
			files = (
			);
			inputPaths = (
			);
			name = "Run Script";
			outputPaths = (
			);
			runOnlyForDeploymentPostprocessing = 0;
			shellPath = /bin/sh;
			shellScript = "#这个是声明生成的framework的名字，有些和工程名字一样，看你创建时候怎么写\n#FMK_NAME是个变量\nFMK_NAME=${PROJECT_NAME}\nif [ \"${ACTION}\" = \"build\" ]\nthen\nINSTALL_DIR=${SRCROOT}/Products/${FMK_NAME}.framework\nDEVICE_DIR=${BUILD_ROOT}/${CONFIGURATION}-iphoneos/${FMK_NAME}.framework\nSIMULATOR_DIR=${BUILD_ROOT}/${CONFIGURATION}-iphonesimulator/${FMK_NAME}.framework\n\nif [ -d \"${INSTALL_DIR}\" ]\nthen\nrm -rf \"${INSTALL_DIR}\"\nfi\n\nmkdir -p \"${INSTALL_DIR}\"\n\ncp -R \"${DEVICE_DIR}/\" \"${INSTALL_DIR}/\"\n#ditto \"${DEVICE_DIR}/Headers\" \"${INSTALL_DIR}/Headers\"\n\nlipo -create \"${DEVICE_DIR}/${FMK_NAME}\" \"${SIMULATOR_DIR}/${FMK_NAME}\" -output \"${INSTALL_DIR}/${FMK_NAME}\"\n#这个是合并完成后打开对应的文件夹，你就可以直接看到文件了\nopen \"${SRCROOT}/Products\"\nfi\n\n";
		};
/* End PBXShellScriptBuildPhase section */

/* Begin PBXSourcesBuildPhase section */
		B347F4F1217045C00093EF81 /* Sources */ = {
			isa = PBXSourcesBuildPhase;
			buildActionMask = 2147483647;
			files = (
				B364CA6F219A63360084FE23 /* UIView+CustomBadge.m in Sources */,
				B3222CD3219D6F6700C8FB9D /* SVHViewFactory.m in Sources */,
				B3222CCE219D6EC000C8FB9D /* SVHToolBar.m in Sources */,
				B347F50E217046150093EF81 /* SVHBaseTableViewController.m in Sources */,
				B364CA63219A61C50084FE23 /* SVHTabBarButton.m in Sources */,
				B347F586217046750093EF81 /* SVHBaseLabel.m in Sources */,
				B3D9FA1E21A63F40009DEA53 /* SVHSafeObject.m in Sources */,
				B347F584217046750093EF81 /* SVHBaseImageView.m in Sources */,
				B347F593217046750093EF81 /* SRRefreshView.m in Sources */,
				B347F510217046150093EF81 /* SVHBaseViewController.m in Sources */,
				B347F50C217046140093EF81 /* SVHBaseNavigationController.m in Sources */,
				B347F590217046750093EF81 /* SVHRefreshTableView.m in Sources */,
				B347F58C217046750093EF81 /* UIView+SVHBorderProperty.m in Sources */,
				B364CA6C219A63360084FE23 /* SVHCustomBadgeView.m in Sources */,
				B347F5C1217072530093EF81 /* UIImage+BackgroundColor.m in Sources */,
				B347F5C3217072530093EF81 /* UIScrollView+SVHEnableEdgeGesture.m in Sources */,
				B347F5B9217072530093EF81 /* NSString+SVHEncode.m in Sources */,
				B347F512217046150093EF81 /* SVHBaseWebController.m in Sources */,
				B347F5C5217072530093EF81 /* UIView+backView.m in Sources */,
				B347F581217046750093EF81 /* SVHBaseCell.m in Sources */,
				B360272A21A3DE5100A93FC1 /* SVHSearchBar.m in Sources */,
				B360271B21A3DDF700A93FC1 /* SVHLoadingGapView.m in Sources */,
				B360271A21A3DDF700A93FC1 /* UIView+SVHLoadingGap.m in Sources */,
				B360272121A3DE1B00A93FC1 /* SVHCustomKeyboard.m in Sources */,
				B382D4A02171A35500A99AA9 /* SVHCommonTool.m in Sources */,
				B347F58E217046750093EF81 /* SVHBaseTableView.m in Sources */,
				B347F59A217046750093EF81 /* SVHBaseCellItem.m in Sources */,
				B347F596217046750093EF81 /* SRSlimeView.m in Sources */,
				B347F57F217046750093EF81 /* SVHBaseButton.m in Sources */,
				B364CA5F219A61C50084FE23 /* SVHBaseTabBar.m in Sources */,
				B347F5BF217072530093EF81 /* SVHUIViewAdditions.m in Sources */,
				B347F588217046750093EF81 /* SVHBaseTextField.m in Sources */,
				B347F59C217046750093EF81 /* SVHBaseItem.m in Sources */,
				B347F5B7217072530093EF81 /* UIViewController+BackButtonItem.m in Sources */,
				B347F58A217046750093EF81 /* SVHBaseView.m in Sources */,
				B364CA61219A61C50084FE23 /* SVHTabBar.m in Sources */,
			);
			runOnlyForDeploymentPostprocessing = 0;
		};
/* End PBXSourcesBuildPhase section */

/* Begin XCBuildConfiguration section */
		B347F4FC217045C00093EF81 /* Debug */ = {
			isa = XCBuildConfiguration;
			buildSettings = {
				ALWAYS_SEARCH_USER_PATHS = NO;
				CLANG_ANALYZER_NONNULL = YES;
				CLANG_ANALYZER_NUMBER_OBJECT_CONVERSION = YES_AGGRESSIVE;
				CLANG_CXX_LANGUAGE_STANDARD = "gnu++14";
				CLANG_CXX_LIBRARY = "libc++";
				CLANG_ENABLE_MODULES = YES;
				CLANG_ENABLE_OBJC_ARC = YES;
				CLANG_ENABLE_OBJC_WEAK = YES;
				CLANG_WARN_BLOCK_CAPTURE_AUTORELEASING = YES;
				CLANG_WARN_BOOL_CONVERSION = YES;
				CLANG_WARN_COMMA = YES;
				CLANG_WARN_CONSTANT_CONVERSION = YES;
				CLANG_WARN_DEPRECATED_OBJC_IMPLEMENTATIONS = YES;
				CLANG_WARN_DIRECT_OBJC_ISA_USAGE = YES_ERROR;
				CLANG_WARN_DOCUMENTATION_COMMENTS = YES;
				CLANG_WARN_EMPTY_BODY = YES;
				CLANG_WARN_ENUM_CONVERSION = YES;
				CLANG_WARN_INFINITE_RECURSION = YES;
				CLANG_WARN_INT_CONVERSION = YES;
				CLANG_WARN_NON_LITERAL_NULL_CONVERSION = YES;
				CLANG_WARN_OBJC_IMPLICIT_RETAIN_SELF = YES;
				CLANG_WARN_OBJC_LITERAL_CONVERSION = YES;
				CLANG_WARN_OBJC_ROOT_CLASS = YES_ERROR;
				CLANG_WARN_RANGE_LOOP_ANALYSIS = YES;
				CLANG_WARN_STRICT_PROTOTYPES = YES;
				CLANG_WARN_SUSPICIOUS_MOVE = YES;
				CLANG_WARN_UNGUARDED_AVAILABILITY = YES_AGGRESSIVE;
				CLANG_WARN_UNREACHABLE_CODE = YES;
				CLANG_WARN__DUPLICATE_METHOD_MATCH = YES;
				CODE_SIGN_IDENTITY = "iPhone Developer";
				COPY_PHASE_STRIP = NO;
				CURRENT_PROJECT_VERSION = 1;
				DEBUG_INFORMATION_FORMAT = dwarf;
				ENABLE_STRICT_OBJC_MSGSEND = YES;
				ENABLE_TESTABILITY = YES;
				GCC_C_LANGUAGE_STANDARD = gnu11;
				GCC_DYNAMIC_NO_PIC = NO;
				GCC_NO_COMMON_BLOCKS = YES;
				GCC_OPTIMIZATION_LEVEL = 0;
				GCC_PREPROCESSOR_DEFINITIONS = (
					"DEBUG=1",
					"$(inherited)",
				);
				GCC_WARN_64_TO_32_BIT_CONVERSION = YES;
				GCC_WARN_ABOUT_RETURN_TYPE = YES_ERROR;
				GCC_WARN_UNDECLARED_SELECTOR = YES;
				GCC_WARN_UNINITIALIZED_AUTOS = YES_AGGRESSIVE;
				GCC_WARN_UNUSED_FUNCTION = YES;
				GCC_WARN_UNUSED_VARIABLE = YES;
				IPHONEOS_DEPLOYMENT_TARGET = 11.4;
				MTL_ENABLE_DEBUG_INFO = YES;
				ONLY_ACTIVE_ARCH = YES;
				SDKROOT = iphoneos;
				VERSIONING_SYSTEM = "apple-generic";
				VERSION_INFO_PREFIX = "";
			};
			name = Debug;
		};
		B347F4FD217045C00093EF81 /* Release */ = {
			isa = XCBuildConfiguration;
			buildSettings = {
				ALWAYS_SEARCH_USER_PATHS = NO;
				CLANG_ANALYZER_NONNULL = YES;
				CLANG_ANALYZER_NUMBER_OBJECT_CONVERSION = YES_AGGRESSIVE;
				CLANG_CXX_LANGUAGE_STANDARD = "gnu++14";
				CLANG_CXX_LIBRARY = "libc++";
				CLANG_ENABLE_MODULES = YES;
				CLANG_ENABLE_OBJC_ARC = YES;
				CLANG_ENABLE_OBJC_WEAK = YES;
				CLANG_WARN_BLOCK_CAPTURE_AUTORELEASING = YES;
				CLANG_WARN_BOOL_CONVERSION = YES;
				CLANG_WARN_COMMA = YES;
				CLANG_WARN_CONSTANT_CONVERSION = YES;
				CLANG_WARN_DEPRECATED_OBJC_IMPLEMENTATIONS = YES;
				CLANG_WARN_DIRECT_OBJC_ISA_USAGE = YES_ERROR;
				CLANG_WARN_DOCUMENTATION_COMMENTS = YES;
				CLANG_WARN_EMPTY_BODY = YES;
				CLANG_WARN_ENUM_CONVERSION = YES;
				CLANG_WARN_INFINITE_RECURSION = YES;
				CLANG_WARN_INT_CONVERSION = YES;
				CLANG_WARN_NON_LITERAL_NULL_CONVERSION = YES;
				CLANG_WARN_OBJC_IMPLICIT_RETAIN_SELF = YES;
				CLANG_WARN_OBJC_LITERAL_CONVERSION = YES;
				CLANG_WARN_OBJC_ROOT_CLASS = YES_ERROR;
				CLANG_WARN_RANGE_LOOP_ANALYSIS = YES;
				CLANG_WARN_STRICT_PROTOTYPES = YES;
				CLANG_WARN_SUSPICIOUS_MOVE = YES;
				CLANG_WARN_UNGUARDED_AVAILABILITY = YES_AGGRESSIVE;
				CLANG_WARN_UNREACHABLE_CODE = YES;
				CLANG_WARN__DUPLICATE_METHOD_MATCH = YES;
				CODE_SIGN_IDENTITY = "iPhone Developer";
				COPY_PHASE_STRIP = NO;
				CURRENT_PROJECT_VERSION = 1;
				DEBUG_INFORMATION_FORMAT = "dwarf-with-dsym";
				ENABLE_NS_ASSERTIONS = NO;
				ENABLE_STRICT_OBJC_MSGSEND = YES;
				GCC_C_LANGUAGE_STANDARD = gnu11;
				GCC_NO_COMMON_BLOCKS = YES;
				GCC_WARN_64_TO_32_BIT_CONVERSION = YES;
				GCC_WARN_ABOUT_RETURN_TYPE = YES_ERROR;
				GCC_WARN_UNDECLARED_SELECTOR = YES;
				GCC_WARN_UNINITIALIZED_AUTOS = YES_AGGRESSIVE;
				GCC_WARN_UNUSED_FUNCTION = YES;
				GCC_WARN_UNUSED_VARIABLE = YES;
				IPHONEOS_DEPLOYMENT_TARGET = 11.4;
				MTL_ENABLE_DEBUG_INFO = NO;
				SDKROOT = iphoneos;
				VALIDATE_PRODUCT = YES;
				VERSIONING_SYSTEM = "apple-generic";
				VERSION_INFO_PREFIX = "";
			};
			name = Release;
		};
		B347F4FF217045C00093EF81 /* Debug */ = {
			isa = XCBuildConfiguration;
			buildSettings = {
				ARCHS = (
					"$(ARCHS_STANDARD)",
					armv7s,
				);
				CODE_SIGN_IDENTITY = "";
				CODE_SIGN_STYLE = Automatic;
				DEAD_CODE_STRIPPING = NO;
				DEFINES_MODULE = YES;
				DYLIB_COMPATIBILITY_VERSION = 1;
				DYLIB_CURRENT_VERSION = 1;
				DYLIB_INSTALL_NAME_BASE = "@rpath";
				ENABLE_BITCODE = NO;
				INFOPLIST_FILE = SVHCore/Info.plist;
				INSTALL_PATH = "$(LOCAL_LIBRARY_DIR)/Frameworks";
				IPHONEOS_DEPLOYMENT_TARGET = 8.0;
				LD_RUNPATH_SEARCH_PATHS = (
					"$(inherited)",
					"@executable_path/Frameworks",
					"@loader_path/Frameworks",
				);
				LINK_WITH_STANDARD_LIBRARIES = NO;
				MACH_O_TYPE = staticlib;
				ONLY_ACTIVE_ARCH = NO;
				PRODUCT_BUNDLE_IDENTIFIER = com.yikou.SVHCore;
				PRODUCT_NAME = "$(TARGET_NAME:c99extidentifier)";
				SKIP_INSTALL = YES;
				TARGETED_DEVICE_FAMILY = "1,2";
			};
			name = Debug;
		};
		B347F500217045C00093EF81 /* Release */ = {
			isa = XCBuildConfiguration;
			buildSettings = {
				ARCHS = (
					"$(ARCHS_STANDARD)",
					armv7s,
				);
				CODE_SIGN_IDENTITY = "";
				CODE_SIGN_STYLE = Automatic;
				DEAD_CODE_STRIPPING = NO;
				DEFINES_MODULE = YES;
				DYLIB_COMPATIBILITY_VERSION = 1;
				DYLIB_CURRENT_VERSION = 1;
				DYLIB_INSTALL_NAME_BASE = "@rpath";
				ENABLE_BITCODE = NO;
				INFOPLIST_FILE = SVHCore/Info.plist;
				INSTALL_PATH = "$(LOCAL_LIBRARY_DIR)/Frameworks";
				IPHONEOS_DEPLOYMENT_TARGET = 8.0;
				LD_RUNPATH_SEARCH_PATHS = (
					"$(inherited)",
					"@executable_path/Frameworks",
					"@loader_path/Frameworks",
				);
				LINK_WITH_STANDARD_LIBRARIES = NO;
				MACH_O_TYPE = staticlib;
				ONLY_ACTIVE_ARCH = NO;
				PRODUCT_BUNDLE_IDENTIFIER = com.yikou.SVHCore;
				PRODUCT_NAME = "$(TARGET_NAME:c99extidentifier)";
				SKIP_INSTALL = YES;
				TARGETED_DEVICE_FAMILY = "1,2";
			};
			name = Release;
		};
/* End XCBuildConfiguration section */

/* Begin XCConfigurationList section */
		B347F4F0217045C00093EF81 /* Build configuration list for PBXProject "SVHCore" */ = {
			isa = XCConfigurationList;
			buildConfigurations = (
				B347F4FC217045C00093EF81 /* Debug */,
				B347F4FD217045C00093EF81 /* Release */,
			);
			defaultConfigurationIsVisible = 0;
			defaultConfigurationName = Release;
		};
		B347F4FE217045C00093EF81 /* Build configuration list for PBXNativeTarget "SVHCore" */ = {
			isa = XCConfigurationList;
			buildConfigurations = (
				B347F4FF217045C00093EF81 /* Debug */,
				B347F500217045C00093EF81 /* Release */,
			);
			defaultConfigurationIsVisible = 0;
			defaultConfigurationName = Release;
		};
/* End XCConfigurationList section */
	};
	rootObject = B347F4ED217045C00093EF81 /* Project object */;
}
